
Microsoft Visual Studio Solution File, Format Version 12.00
# Visual Studio Version 16
VisualStudioVersion = 16.0.31613.86
MinimumVisualStudioVersion = 10.0.40219.1
Project("{FAE04EC0-301F-11D3-BF4B-00C04F79EFBC}") = "Jerry.Conver19Check", "Jerry.Conver19Check\Jerry.Conver19Check.csproj", "{BB406347-7872-41DD-9EF2-8E5CDD213494}"
EndProject
Global
	GlobalSection(SolutionConfigurationPlatforms) = preSolution
		Debug|Any CPU = Debug|Any CPU
		Release|Any CPU = Release|Any CPU
	EndGlobalSection
	GlobalSection(ProjectConfigurationPlatforms) = postSolution
		{BB406347-7872-41DD-9EF2-8E5CDD213494}.Debug|Any CPU.ActiveCfg = Debug|Any CPU
		{BB406347-7872-41DD-9EF2-8E5CDD213494}.Debug|Any CPU.Build.0 = Debug|Any CPU
		{BB406347-7872-41DD-9EF2-8E5CDD213494}.Release|Any CPU.ActiveCfg = Release|Any CPU
		{BB406347-7872-41DD-9EF2-8E5CDD213494}.Release|Any CPU.Build.0 = Release|Any CPU
	EndGlobalSection
	GlobalSection(SolutionProperties) = preSolution
		HideSolutionNode = FALSE
	EndGlobalSection
	GlobalSection(ExtensibilityGlobals) = postSolution
		SolutionGuid = {E4FA97B3-2F99-4F6E-A735-7674CA76B2D0}
	EndGlobalSection
EndGlobal
